
Microsoft Visual Studio Solution File, Format Version 12.00
# Visual Studio Version 17
VisualStudioVersion = 17.0.31903.59
MinimumVisualStudioVersion = 10.0.40219.1
Project("{FAE04EC0-301F-11D3-BF4B-00C04F79EFBC}") = "Whale.Api", "Whale.Api\Whale.Api.csproj", "{F4F5D0AD-EF43-42AF-B6AA-63C4E6AA9B2A}"
EndProject
Project("{FAE04EC0-301F-11D3-BF4B-00C04F79EFBC}") = "Whale.Domain", "Whale.Domain\Whale.Domain.csproj", "{2FCF5630-0E76-429E-9F1E-AA74F0A1CD82}"
EndProject
Project("{FAE04EC0-301F-11D3-BF4B-00C04F79EFBC}") = "Whale.Application", "Whale.Application\Whale.Application.csproj", "{79D87302-B63E-4318-8137-81733999BC04}"
EndProject
Project("{FAE04EC0-301F-11D3-BF4B-00C04F79EFBC}") = "Whale.Infrastructure", "Whale.Infrastructure\Whale.Infrastructure.csproj", "{4202FEC6-4419-4E58-907B-737BBE2061C2}"
EndProject
Project("{FAE04EC0-301F-11D3-BF4B-00C04F79EFBC}") = "Whale.Api.Tests", "Whale.Api.Tests\Whale.Api.Tests.csproj", "{EA1F59B7-DFB0-4195-8CF7-1D5AFE2690CE}"
EndProject
Global
	GlobalSection(SolutionConfigurationPlatforms) = preSolution
		Debug|Any CPU = Debug|Any CPU
		Debug|x64 = Debug|x64
		Debug|x86 = Debug|x86
		Release|Any CPU = Release|Any CPU
		Release|x64 = Release|x64
		Release|x86 = Release|x86
	EndGlobalSection
	GlobalSection(ProjectConfigurationPlatforms) = postSolution
		{F4F5D0AD-EF43-42AF-B6AA-63C4E6AA9B2A}.Debug|Any CPU.ActiveCfg = Debug|Any CPU
		{F4F5D0AD-EF43-42AF-B6AA-63C4E6AA9B2A}.Debug|Any CPU.Build.0 = Debug|Any CPU
		{F4F5D0AD-EF43-42AF-B6AA-63C4E6AA9B2A}.Debug|x64.ActiveCfg = Debug|Any CPU
		{F4F5D0AD-EF43-42AF-B6AA-63C4E6AA9B2A}.Debug|x64.Build.0 = Debug|Any CPU
		{F4F5D0AD-EF43-42AF-B6AA-63C4E6AA9B2A}.Debug|x86.ActiveCfg = Debug|Any CPU
		{F4F5D0AD-EF43-42AF-B6AA-63C4E6AA9B2A}.Debug|x86.Build.0 = Debug|Any CPU
		{F4F5D0AD-EF43-42AF-B6AA-63C4E6AA9B2A}.Release|Any CPU.ActiveCfg = Release|Any CPU
		{F4F5D0AD-EF43-42AF-B6AA-63C4E6AA9B2A}.Release|Any CPU.Build.0 = Release|Any CPU
		{F4F5D0AD-EF43-42AF-B6AA-63C4E6AA9B2A}.Release|x64.ActiveCfg = Release|Any CPU
		{F4F5D0AD-EF43-42AF-B6AA-63C4E6AA9B2A}.Release|x64.Build.0 = Release|Any CPU
		{F4F5D0AD-EF43-42AF-B6AA-63C4E6AA9B2A}.Release|x86.ActiveCfg = Release|Any CPU
		{F4F5D0AD-EF43-42AF-B6AA-63C4E6AA9B2A}.Release|x86.Build.0 = Release|Any CPU
		{2FCF5630-0E76-429E-9F1E-AA74F0A1CD82}.Debug|Any CPU.ActiveCfg = Debug|Any CPU
		{2FCF5630-0E76-429E-9F1E-AA74F0A1CD82}.Debug|Any CPU.Build.0 = Debug|Any CPU
		{2FCF5630-0E76-429E-9F1E-AA74F0A1CD82}.Debug|x64.ActiveCfg = Debug|Any CPU
		{2FCF5630-0E76-429E-9F1E-AA74F0A1CD82}.Debug|x64.Build.0 = Debug|Any CPU
		{2FCF5630-0E76-429E-9F1E-AA74F0A1CD82}.Debug|x86.ActiveCfg = Debug|Any CPU
		{2FCF5630-0E76-429E-9F1E-AA74F0A1CD82}.Debug|x86.Build.0 = Debug|Any CPU
		{2FCF5630-0E76-429E-9F1E-AA74F0A1CD82}.Release|Any CPU.ActiveCfg = Release|Any CPU
		{2FCF5630-0E76-429E-9F1E-AA74F0A1CD82}.Release|Any CPU.Build.0 = Release|Any CPU
		{2FCF5630-0E76-429E-9F1E-AA74F0A1CD82}.Release|x64.ActiveCfg = Release|Any CPU
		{2FCF5630-0E76-429E-9F1E-AA74F0A1CD82}.Release|x64.Build.0 = Release|Any CPU
		{2FCF5630-0E76-429E-9F1E-AA74F0A1CD82}.Release|x86.ActiveCfg = Release|Any CPU
		{2FCF5630-0E76-429E-9F1E-AA74F0A1CD82}.Release|x86.Build.0 = Release|Any CPU
		{79D87302-B63E-4318-8137-81733999BC04}.Debug|Any CPU.ActiveCfg = Debug|Any CPU
		{79D87302-B63E-4318-8137-81733999BC04}.Debug|Any CPU.Build.0 = Debug|Any CPU
		{79D87302-B63E-4318-8137-81733999BC04}.Debug|x64.ActiveCfg = Debug|Any CPU
		{79D87302-B63E-4318-8137-81733999BC04}.Debug|x64.Build.0 = Debug|Any CPU
		{79D87302-B63E-4318-8137-81733999BC04}.Debug|x86.ActiveCfg = Debug|Any CPU
		{79D87302-B63E-4318-8137-81733999BC04}.Debug|x86.Build.0 = Debug|Any CPU
		{79D87302-B63E-4318-8137-81733999BC04}.Release|Any CPU.ActiveCfg = Release|Any CPU
		{79D87302-B63E-4318-8137-81733999BC04}.Release|Any CPU.Build.0 = Release|Any CPU
		{79D87302-B63E-4318-8137-81733999BC04}.Release|x64.ActiveCfg = Release|Any CPU
		{79D87302-B63E-4318-8137-81733999BC04}.Release|x64.Build.0 = Release|Any CPU
		{79D87302-B63E-4318-8137-81733999BC04}.Release|x86.ActiveCfg = Release|Any CPU
		{79D87302-B63E-4318-8137-81733999BC04}.Release|x86.Build.0 = Release|Any CPU
		{4202FEC6-4419-4E58-907B-737BBE2061C2}.Debug|Any CPU.ActiveCfg = Debug|Any CPU
		{4202FEC6-4419-4E58-907B-737BBE2061C2}.Debug|Any CPU.Build.0 = Debug|Any CPU
		{4202FEC6-4419-4E58-907B-737BBE2061C2}.Debug|x64.ActiveCfg = Debug|Any CPU
		{4202FEC6-4419-4E58-907B-737BBE2061C2}.Debug|x64.Build.0 = Debug|Any CPU
		{4202FEC6-4419-4E58-907B-737BBE2061C2}.Debug|x86.ActiveCfg = Debug|Any CPU
		{4202FEC6-4419-4E58-907B-737BBE2061C2}.Debug|x86.Build.0 = Debug|Any CPU
		{4202FEC6-4419-4E58-907B-737BBE2061C2}.Release|Any CPU.ActiveCfg = Release|Any CPU
		{4202FEC6-4419-4E58-907B-737BBE2061C2}.Release|Any CPU.Build.0 = Release|Any CPU
		{4202FEC6-4419-4E58-907B-737BBE2061C2}.Release|x64.ActiveCfg = Release|Any CPU
		{4202FEC6-4419-4E58-907B-737BBE2061C2}.Release|x64.Build.0 = Release|Any CPU
		{4202FEC6-4419-4E58-907B-737BBE2061C2}.Release|x86.ActiveCfg = Release|Any CPU
		{4202FEC6-4419-4E58-907B-737BBE2061C2}.Release|x86.Build.0 = Release|Any CPU
		{EA1F59B7-DFB0-4195-8CF7-1D5AFE2690CE}.Debug|Any CPU.ActiveCfg = Debug|Any CPU
		{EA1F59B7-DFB0-4195-8CF7-1D5AFE2690CE}.Debug|Any CPU.Build.0 = Debug|Any CPU
		{EA1F59B7-DFB0-4195-8CF7-1D5AFE2690CE}.Debug|x64.ActiveCfg = Debug|Any CPU
		{EA1F59B7-DFB0-4195-8CF7-1D5AFE2690CE}.Debug|x64.Build.0 = Debug|Any CPU
		{EA1F59B7-DFB0-4195-8CF7-1D5AFE2690CE}.Debug|x86.ActiveCfg = Debug|Any CPU
		{EA1F59B7-DFB0-4195-8CF7-1D5AFE2690CE}.Debug|x86.Build.0 = Debug|Any CPU
		{EA1F59B7-DFB0-4195-8CF7-1D5AFE2690CE}.Release|Any CPU.ActiveCfg = Release|Any CPU
		{EA1F59B7-DFB0-4195-8CF7-1D5AFE2690CE}.Release|Any CPU.Build.0 = Release|Any CPU
		{EA1F59B7-DFB0-4195-8CF7-1D5AFE2690CE}.Release|x64.ActiveCfg = Release|Any CPU
		{EA1F59B7-DFB0-4195-8CF7-1D5AFE2690CE}.Release|x64.Build.0 = Release|Any CPU
		{EA1F59B7-DFB0-4195-8CF7-1D5AFE2690CE}.Release|x86.ActiveCfg = Release|Any CPU
		{EA1F59B7-DFB0-4195-8CF7-1D5AFE2690CE}.Release|x86.Build.0 = Release|Any CPU
	EndGlobalSection
	GlobalSection(SolutionProperties) = preSolution
		HideSolutionNode = FALSE
	EndGlobalSection
EndGlobal
