
Microsoft Visual Studio Solution File, Format Version 12.00
# Visual Studio Version 17
VisualStudioVersion = 17.8.34330.188
MinimumVisualStudioVersion = 10.0.40219.1
Project("{9A19103F-16F7-4668-BE54-9A1E7A4F7556}") = "Server_Side.Core.Profiles", "Server_Side.Core.Profiles.csproj", "{21F32927-9B15-41C8-8D88-A8F4749217C5}"
EndProject
Project("{9A19103F-16F7-4668-BE54-9A1E7A4F7556}") = "Server_Side.Core.Courses", "..\Server_Side.Core.Courses\Server_Side.Core.Courses.csproj", "{455E8230-C37A-4C4E-B0D8-FFDBF6573431}"
	ProjectSection(ProjectDependencies) = postProject
		{A1404932-AB43-491E-9FAE-F5414AFAFF92} = {A1404932-AB43-491E-9FAE-F5414AFAFF92}
	EndProjectSection
EndProject
Project("{FAE04EC0-301F-11D3-BF4B-00C04F79EFBC}") = "Server_Side.Core.Categories", "..\Server_Side.Core.Categories\Server_Side.Core.Categories.csproj", "{A1404932-AB43-491E-9FAE-F5414AFAFF92}"
EndProject
Global
	GlobalSection(SolutionConfigurationPlatforms) = preSolution
		Debug|Any CPU = Debug|Any CPU
		Release|Any CPU = Release|Any CPU
	EndGlobalSection
	GlobalSection(ProjectConfigurationPlatforms) = postSolution
		{21F32927-9B15-41C8-8D88-A8F4749217C5}.Debug|Any CPU.ActiveCfg = Debug|Any CPU
		{21F32927-9B15-41C8-8D88-A8F4749217C5}.Debug|Any CPU.Build.0 = Debug|Any CPU
		{21F32927-9B15-41C8-8D88-A8F4749217C5}.Release|Any CPU.ActiveCfg = Release|Any CPU
		{21F32927-9B15-41C8-8D88-A8F4749217C5}.Release|Any CPU.Build.0 = Release|Any CPU
		{455E8230-C37A-4C4E-B0D8-FFDBF6573431}.Debug|Any CPU.ActiveCfg = Debug|Any CPU
		{455E8230-C37A-4C4E-B0D8-FFDBF6573431}.Debug|Any CPU.Build.0 = Debug|Any CPU
		{455E8230-C37A-4C4E-B0D8-FFDBF6573431}.Release|Any CPU.ActiveCfg = Release|Any CPU
		{455E8230-C37A-4C4E-B0D8-FFDBF6573431}.Release|Any CPU.Build.0 = Release|Any CPU
		{A1404932-AB43-491E-9FAE-F5414AFAFF92}.Debug|Any CPU.ActiveCfg = Debug|Any CPU
		{A1404932-AB43-491E-9FAE-F5414AFAFF92}.Debug|Any CPU.Build.0 = Debug|Any CPU
		{A1404932-AB43-491E-9FAE-F5414AFAFF92}.Release|Any CPU.ActiveCfg = Release|Any CPU
		{A1404932-AB43-491E-9FAE-F5414AFAFF92}.Release|Any CPU.Build.0 = Release|Any CPU
	EndGlobalSection
	GlobalSection(SolutionProperties) = preSolution
		HideSolutionNode = FALSE
	EndGlobalSection
	GlobalSection(ExtensibilityGlobals) = postSolution
		SolutionGuid = {C50F4316-72FC-4AD0-92A6-9BB59B5F0A1E}
	EndGlobalSection
EndGlobal
