
Microsoft Visual Studio Solution File, Format Version 12.00
# Visual Studio Version 17
VisualStudioVersion = 17.5.33627.172
MinimumVisualStudioVersion = 10.0.40219.1
Project("{9A19103F-16F7-4668-BE54-9A1E7A4F7556}") = "GalaxyWaves.UI", "GalaxyWaves.UI.csproj", "{979022E9-2288-4776-9E8C-435FE1D8487A}"
EndProject
Project("{2150E333-8FDC-42A3-9474-1A3956D46DE8}") = "Galaxy.UnitTest", "Galaxy.UnitTest", "{8082194E-170B-4D92-A33F-B1311BC80027}"
EndProject
Project("{2150E333-8FDC-42A3-9474-1A3956D46DE8}") = "Galaxy.APIs", "Galaxy.APIs", "{0E648874-DE28-43C6-B5BA-273EA5F0F7D8}"
EndProject
Project("{2150E333-8FDC-42A3-9474-1A3956D46DE8}") = "Galaxy.Entity", "Galaxy.Entity", "{0D173CE2-90E3-499D-A757-038C5A36C7C8}"
EndProject
Project("{2150E333-8FDC-42A3-9474-1A3956D46DE8}") = "Galaxy.UI", "Galaxy.UI", "{FA098AAE-0CA1-409C-8254-107DFEC491B7}"
EndProject
Project("{2150E333-8FDC-42A3-9474-1A3956D46DE8}") = "src", "src", "{20C22618-C402-4022-93D4-CE1015383282}"
EndProject
Global
	GlobalSection(SolutionConfigurationPlatforms) = preSolution
		Debug|Any CPU = Debug|Any CPU
		Release|Any CPU = Release|Any CPU
	EndGlobalSection
	GlobalSection(ProjectConfigurationPlatforms) = postSolution
		{979022E9-2288-4776-9E8C-435FE1D8487A}.Debug|Any CPU.ActiveCfg = Debug|Any CPU
		{979022E9-2288-4776-9E8C-435FE1D8487A}.Debug|Any CPU.Build.0 = Debug|Any CPU
		{979022E9-2288-4776-9E8C-435FE1D8487A}.Release|Any CPU.ActiveCfg = Release|Any CPU
		{979022E9-2288-4776-9E8C-435FE1D8487A}.Release|Any CPU.Build.0 = Release|Any CPU
	EndGlobalSection
	GlobalSection(SolutionProperties) = preSolution
		HideSolutionNode = FALSE
	EndGlobalSection
	GlobalSection(NestedProjects) = preSolution
		{979022E9-2288-4776-9E8C-435FE1D8487A} = {FA098AAE-0CA1-409C-8254-107DFEC491B7}
		{8082194E-170B-4D92-A33F-B1311BC80027} = {20C22618-C402-4022-93D4-CE1015383282}
		{0E648874-DE28-43C6-B5BA-273EA5F0F7D8} = {20C22618-C402-4022-93D4-CE1015383282}
		{0D173CE2-90E3-499D-A757-038C5A36C7C8} = {20C22618-C402-4022-93D4-CE1015383282}
		{FA098AAE-0CA1-409C-8254-107DFEC491B7} = {20C22618-C402-4022-93D4-CE1015383282}
	EndGlobalSection
	GlobalSection(ExtensibilityGlobals) = postSolution
		SolutionGuid = {D4F4C306-8ADE-428C-B8CA-0ACFF02D18F8}
	EndGlobalSection
EndGlobal
