
Microsoft Visual Studio Solution File, Format Version 12.00
# Visual Studio Version 17
VisualStudioVersion = 17.5.33530.505
MinimumVisualStudioVersion = 10.0.40219.1
Project("{9A19103F-16F7-4668-BE54-9A1E7A4F7556}") = "Galaxy.Core", "..\Galaxy.Core\Galaxy.Core.csproj", "{AC107642-00F1-4D53-96FE-47DBD19E83F1}"
EndProject
Project("{2150E333-8FDC-42A3-9474-1A3956D46DE8}") = "Solution Items", "Solution Items", "{0887CDD9-D364-4928-B914-A59830E62050}"
	ProjectSection(SolutionItems) = preProject
		What I Learnt .txt = What I Learnt .txt
	EndProjectSection
EndProject
Project("{FAE04EC0-301F-11D3-BF4B-00C04F79EFBC}") = "Main", "..\Main\Main.csproj", "{F188A18C-107C-434D-A5C9-FA5C261EF643}"
EndProject
Project("{FAE04EC0-301F-11D3-BF4B-00C04F79EFBC}") = "Galaxy.Utility", "..\Galaxy.Utility\Galaxy.Utility.csproj", "{82C8CFCE-1A80-4B41-869E-4BAB58DD8E43}"
EndProject
Project("{FAE04EC0-301F-11D3-BF4B-00C04F79EFBC}") = "Galaxy.Data", "..\Galaxy.Data\Galaxy.Data.csproj", "{90D812FB-811F-410A-B0DC-69C0009446AA}"
EndProject
Global
	GlobalSection(SolutionConfigurationPlatforms) = preSolution
		Debug|Any CPU = Debug|Any CPU
		Release|Any CPU = Release|Any CPU
	EndGlobalSection
	GlobalSection(ProjectConfigurationPlatforms) = postSolution
		{AC107642-00F1-4D53-96FE-47DBD19E83F1}.Debug|Any CPU.ActiveCfg = Debug|Any CPU
		{AC107642-00F1-4D53-96FE-47DBD19E83F1}.Debug|Any CPU.Build.0 = Debug|Any CPU
		{AC107642-00F1-4D53-96FE-47DBD19E83F1}.Release|Any CPU.ActiveCfg = Release|Any CPU
		{AC107642-00F1-4D53-96FE-47DBD19E83F1}.Release|Any CPU.Build.0 = Release|Any CPU
		{F188A18C-107C-434D-A5C9-FA5C261EF643}.Debug|Any CPU.ActiveCfg = Debug|Any CPU
		{F188A18C-107C-434D-A5C9-FA5C261EF643}.Debug|Any CPU.Build.0 = Debug|Any CPU
		{F188A18C-107C-434D-A5C9-FA5C261EF643}.Release|Any CPU.ActiveCfg = Release|Any CPU
		{F188A18C-107C-434D-A5C9-FA5C261EF643}.Release|Any CPU.Build.0 = Release|Any CPU
		{82C8CFCE-1A80-4B41-869E-4BAB58DD8E43}.Debug|Any CPU.ActiveCfg = Debug|Any CPU
		{82C8CFCE-1A80-4B41-869E-4BAB58DD8E43}.Debug|Any CPU.Build.0 = Debug|Any CPU
		{82C8CFCE-1A80-4B41-869E-4BAB58DD8E43}.Release|Any CPU.ActiveCfg = Release|Any CPU
		{82C8CFCE-1A80-4B41-869E-4BAB58DD8E43}.Release|Any CPU.Build.0 = Release|Any CPU
		{90D812FB-811F-410A-B0DC-69C0009446AA}.Debug|Any CPU.ActiveCfg = Debug|Any CPU
		{90D812FB-811F-410A-B0DC-69C0009446AA}.Debug|Any CPU.Build.0 = Debug|Any CPU
		{90D812FB-811F-410A-B0DC-69C0009446AA}.Release|Any CPU.ActiveCfg = Release|Any CPU
		{90D812FB-811F-410A-B0DC-69C0009446AA}.Release|Any CPU.Build.0 = Release|Any CPU
	EndGlobalSection
	GlobalSection(SolutionProperties) = preSolution
		HideSolutionNode = FALSE
	EndGlobalSection
	GlobalSection(ExtensibilityGlobals) = postSolution
		SolutionGuid = {E2A2E497-5672-44A8-A1DB-19556826D630}
	EndGlobalSection
EndGlobal
